version = 1
revision = 3
requires-python = "==3.12.*"

[[package]]
name = "annotated-types"
version = "0.7.0"
source = { registry = "https://pypi.org/simple" }
sdist = { url = "https://files.pythonhosted.org/packages/ee/67/531ea369ba64dcff5ec9c3402f9f51bf748cec26dde048a2f973a4eea7f5/annotated_types-0.7.0.tar.gz", hash = "sha256:aff07c09a53a08bc8cfccb9c85b05f1aa9a2a6f23728d790723543408344ce89", size = 16081, upload-time = "2024-05-20T21:33:25.928Z" }
wheels = [
    { url = "https://files.pythonhosted.org/packages/78/b6/6307fbef88d9b5ee7421e68d78a9f162e0da4900bc5f5793f6d3d0e34fb8/annotated_types-0.7.0-py3-none-any.whl", hash = "sha256:1f02e8b43a8fbbc3f3e0d4f0f4bfc8131bcb4eebe8849b8e5c773f3a1c582a53", size = 13643, upload-time = "2024-05-20T21:33:24.1Z" },
]

[[package]]
name = "colorama"
version = "0.4.6"
source = { registry = "https://pypi.org/simple" }
sdist = { url = "https://files.pythonhosted.org/packages/d8/53/6f443c9a4a8358a93a6792e2acffb9d9d5cb0a5cfd8802644b7b1c9a02e4/colorama-0.4.6.tar.gz", hash = "sha256:08695f5cb7ed6e0531a20572697297273c47b8cae5a63ffc6d6ed5c201be6e44", size = 27697, upload-time = "2022-10-25T02:36:22.414Z" }
wheels = [
    { url = "https://files.pythonhosted.org/packages/d1/d6/3965ed04c63042e047cb6a3e6ed1a63a35087b6a609aa3a15ed8ac56c221/colorama-0.4.6-py2.py3-none-any.whl", hash = "sha256:4f1d9991f5acc0ca119f9d443620b77f9d6b33703e51011c16baf57afb285fc6", size = 25335, upload-time = "2022-10-25T02:36:20.889Z" },
]

[[package]]
name = "coverage"
version = "7.15.0"
source = { registry = "https://pypi.org/simple" }
sdist = { url = "https://files.pythonhosted.org/packages/cc/8b/adeb62ea8951f13c4c7fef2e7a85e1a06b499c8d8237ea589d496029e53f/coverage-7.15.0.tar.gz", hash = "sha256:9ac3fe7a1435986463eaa8ee253ae2f2a268709ba4ae5c7dd1f52a05391ad78f", size = 925362, upload-time = "2026-07-02T13:10:50.535Z" }
wheels = [
    { url = "https://files.pythonhosted.org/packages/2a/74/fd4c0901137c4f8d81a76ada99e43c65163b4c94a02ece107a4ec0c6b615/coverage-7.15.0-cp312-cp312-macosx_10_13_x86_64.whl", hash = "sha256:b75ee5e8cb7575636ac598719b4307ac529ec8fcd79608a35c3cd4d4dada812d", size = 220838, upload-time = "2026-07-02T13:09:02.084Z" },
    { url = "https://files.pythonhosted.org/packages/0f/2e/2347583467bd7f0402635101a916961915cc68fce652cd0db5f173ea04fc/coverage-7.15.0-cp312-cp312-macosx_11_0_arm64.whl", hash = "sha256:ffb31267816b93b075302248cc1737506081b4f163df4401e9df1a6424aafabe", size = 221197, upload-time = "2026-07-02T13:09:03.617Z" },
    { url = "https://files.pythonhosted.org/packages/f0/17/99fa688541ae1d6e84543a0e544f83de0c944815b63e9e7b1ed411d15036/coverage-7.15.0-cp312-cp312-manylinux1_i686.manylinux_2_28_i686.manylinux_2_5_i686.whl", hash = "sha256:e4d0bb73455bf97ab243a8f12c37c686ccf1c13bb614b7b85f1d062f06f42b2c", size = 252705, upload-time = "2026-07-02T13:09:05.059Z" },
    { url = "https://files.pythonhosted.org/packages/fb/02/6a95a5cd83b74839017ef9cf48d2d8c9ae60af919e17a3f336e6f9f1b7bd/coverage-7.15.0-cp312-cp312-manylinux1_x86_64.manylinux_2_28_x86_64.manylinux_2_5_x86_64.whl", hash = "sha256:20d9ccc4ebd0edc434d86dfd2a1dd2a8efa6b6b3073d0485a394fee86459ebb4", size = 255441, upload-time = "2026-07-02T13:09:06.559Z" },
    { url = "https://files.pythonhosted.org/packages/67/f2/406f6c57d600f68185942422c4c00f1a3255d60aee6e5fd961425cd9987e/coverage-7.15.0-cp312-cp312-manylinux2014_aarch64.manylinux_2_17_aarch64.manylinux_2_28_aarch64.whl", hash = "sha256:20c8a976c365c8cb12f0cbd099508772ea41fb5fa80657a8506df0e11bd278c5", size = 256556, upload-time = "2026-07-02T13:09:08.197Z" },
    { url = "https://files.pythonhosted.org/packages/74/8e/d3fa48489c15ecdec1ba48fd61f68798555dddd2f6716f9ad42adeb1a2a9/coverage-7.15.0-cp312-cp312-manylinux2014_ppc64le.manylinux_2_17_ppc64le.manylinux_2_28_ppc64le.whl", hash = "sha256:f948fd5ba1b9cbca91f0ae08b4c1ce2b139509149a435e2585d056d57d70bf01", size = 258815, upload-time = "2026-07-02T13:09:09.691Z" },
    { url = "https://files.pythonhosted.org/packages/47/2e/2d40ddd110462c6a2769677cf7f1c119a52b45f568978fc6c98e4cc0dd0f/coverage-7.15.0-cp312-cp312-manylinux_2_31_riscv64.manylinux_2_39_riscv64.whl", hash = "sha256:f58185f06edf6ad68ec9fb155d63ef650c82f3fbd7e1770e2867751fb13158f4", size = 253117, upload-time = "2026-07-02T13:09:11.212Z" },
    { url = "https://files.pythonhosted.org/packages/51/c0/310782f0d7c3cb2b5ac05ba8d205fe91f24a36f6bf3256098f1782181c38/coverage-7.15.0-cp312-cp312-musllinux_1_2_aarch64.whl", hash = "sha256:02adc79a920c73c647c5d117f55747df7f2de94571884758ce8bc58e04f0a796", size = 254475, upload-time = "2026-07-02T13:09:13.029Z" },
    { url = "https://files.pythonhosted.org/packages/86/f7/702da6c275f8ae6ade423d2877243122932c9b27f5403003b9ef8c927d12/coverage-7.15.0-cp312-cp312-musllinux_1_2_i686.whl", hash = "sha256:6eb7c300fbed667fd6e3588eba71c1904cdb06110ca6fdf908c26bdd88b8e382", size = 252619, upload-time = "2026-07-02T13:09:14.699Z" },
    { url = "https://files.pythonhosted.org/packages/fb/84/c5b15a7e5ecba4e56218d772d99fe80a63e63f8d11f12783723a6005ab45/coverage-7.15.0-cp312-cp312-musllinux_1_2_ppc64le.whl", hash = "sha256:b5fb23fa2de9dce1f5c36c09066d8fcda16cd96e8e26686caa2d7cb9b567d65c", size = 256689, upload-time = "2026-07-02T13:09:16.103Z" },
    { url = "https://files.pythonhosted.org/packages/95/2f/c8b07559b57701230c61b23a953858c052890c12ef568d81780c6c46e92e/coverage-7.15.0-cp312-cp312-musllinux_1_2_riscv64.whl", hash = "sha256:cec79341dbe6281484024979976d0c7f22beae08b4a254655decd25d42cbe766", size = 252189, upload-time = "2026-07-02T13:09:17.828Z" },
    { url = "https://files.pythonhosted.org/packages/6b/80/6d2f049dd3fd3dbfd60b62ba6b2162a04009e2c002ce70b24cf3878dec7a/coverage-7.15.0-cp312-cp312-musllinux_1_2_x86_64.whl", hash = "sha256:6c664c5444b1d970b1b2a450e21fb19ee5c9cfdf151ded2dda37260031cca0da", size = 254059, upload-time = "2026-07-02T13:09:19.304Z" },
    { url = "https://files.pythonhosted.org/packages/ce/92/b0287a2c42031d25c628f815f89a3cd9f8268ee78bb1252c9356cda1c689/coverage-7.15.0-cp312-cp312-win32.whl", hash = "sha256:5f764a3fa339bde6b3aa97657f5a6a3a9451e4a5b4ea98a2892c773a43525f77", size = 222893, upload-time = "2026-07-02T13:09:20.812Z" },
    { url = "https://files.pythonhosted.org/packages/a9/69/e34c481915fecb499b3146975061dac528752e37706edc1804f32c822469/coverage-7.15.0-cp312-cp312-win_amd64.whl", hash = "sha256:52f9a4d2c4c56c8848bc2f524916698354b0211488b38c49ad9ae54f6cafbff6", size = 223429, upload-time = "2026-07-02T13:09:22.315Z" },
    { url = "https://files.pythonhosted.org/packages/fe/98/6e878f0b571d32684ef3f38d7c03db241ca5b82a5da8a5391596a8f209c4/coverage-7.15.0-cp312-cp312-win_arm64.whl", hash = "sha256:31e5c3e70c85307ea35a12964e2e40f56ca2ee4b1c8c721ccf4609d17071080b", size = 222810, upload-time = "2026-07-02T13:09:23.812Z" },
    { url = "https://files.pythonhosted.org/packages/52/30/21b2ad45959cd50e909e02ebac1e30b4ceb7162e91c11d4c570223a458b7/coverage-7.15.0-py3-none-any.whl", hash = "sha256:56da6a4cbe8f7e9e80bd072ca9cefe67d7106a440a7ec06519ec6507ac94ad19", size = 212632, upload-time = "2026-07-02T13:10:48.641Z" },
]

[[package]]
name = "iniconfig"
version = "2.3.0"
source = { registry = "https://pypi.org/simple" }
sdist = { url = "https://files.pythonhosted.org/packages/72/34/14ca021ce8e5dfedc35312d08ba8bf51fdd999c576889fc2c24cb97f4f10/iniconfig-2.3.0.tar.gz", hash = "sha256:c76315c77db068650d49c5b56314774a7804df16fee4402c1f19d6d15d8c4730", size = 20503, upload-time = "2025-10-18T21:55:43.219Z" }
wheels = [
    { url = "https://files.pythonhosted.org/packages/cb/b1/3846dd7f199d53cb17f49cba7e651e9ce294d8497c8c150530ed11865bb8/iniconfig-2.3.0-py3-none-any.whl", hash = "sha256:f631c04d2c48c52b84d0d0549c99ff3859c98df65b3101406327ecc7d53fbf12", size = 7484, upload-time = "2025-10-18T21:55:41.639Z" },
]

[[package]]
name = "loguru"
version = "0.7.2"
source = { registry = "https://pypi.org/simple" }
dependencies = [
    { name = "colorama", marker = "sys_platform == 'win32'" },
    { name = "win32-setctime", marker = "sys_platform == 'win32'" },
]
sdist = { url = "https://files.pythonhosted.org/packages/9e/30/d87a423766b24db416a46e9335b9602b054a72b96a88a241f2b09b560fa8/loguru-0.7.2.tar.gz", hash = "sha256:e671a53522515f34fd406340ee968cb9ecafbc4b36c679da03c18fd8d0bd51ac", size = 145103, upload-time = "2023-09-11T15:24:37.926Z" }
wheels = [
    { url = "https://files.pythonhosted.org/packages/03/0a/4f6fed21aa246c6b49b561ca55facacc2a44b87d65b8b92362a8e99ba202/loguru-0.7.2-py3-none-any.whl", hash = "sha256:003d71e3d3ed35f0f8984898359d65b79e5b21943f78af86aa5491210429b8eb", size = 62549, upload-time = "2023-09-11T15:24:35.016Z" },
]

[[package]]
name = "mypy"
version = "1.13.0"
source = { registry = "https://pypi.org/simple" }
dependencies = [
    { name = "mypy-extensions" },
    { name = "typing-extensions" },
]
sdist = { url = "https://files.pythonhosted.org/packages/e8/21/7e9e523537991d145ab8a0a2fd98548d67646dc2aaaf6091c31ad883e7c1/mypy-1.13.0.tar.gz", hash = "sha256:0291a61b6fbf3e6673e3405cfcc0e7650bebc7939659fdca2702958038bd835e", size = 3152532, upload-time = "2024-10-22T21:55:47.458Z" }
wheels = [
    { url = "https://files.pythonhosted.org/packages/fb/31/c526a7bd2e5c710ae47717c7a5f53f616db6d9097caf48ad650581e81748/mypy-1.13.0-cp312-cp312-macosx_10_13_x86_64.whl", hash = "sha256:5c7051a3461ae84dfb5dd15eff5094640c61c5f22257c8b766794e6dd85e72d5", size = 11077900, upload-time = "2024-10-22T21:55:37.103Z" },
    { url = "https://files.pythonhosted.org/packages/83/67/b7419c6b503679d10bd26fc67529bc6a1f7a5f220bbb9f292dc10d33352f/mypy-1.13.0-cp312-cp312-macosx_11_0_arm64.whl", hash = "sha256:39bb21c69a5d6342f4ce526e4584bc5c197fd20a60d14a8624d8743fffb9472e", size = 10074818, upload-time = "2024-10-22T21:55:11.513Z" },
    { url = "https://files.pythonhosted.org/packages/ba/07/37d67048786ae84e6612575e173d713c9a05d0ae495dde1e68d972207d98/mypy-1.13.0-cp312-cp312-manylinux_2_17_x86_64.manylinux2014_x86_64.manylinux_2_28_x86_64.whl", hash = "sha256:164f28cb9d6367439031f4c81e84d3ccaa1e19232d9d05d37cb0bd880d3f93c2", size = 12589275, upload-time = "2024-10-22T21:54:37.694Z" },
    { url = "https://files.pythonhosted.org/packages/1f/17/b1018c6bb3e9f1ce3956722b3bf91bff86c1cefccca71cec05eae49d6d41/mypy-1.13.0-cp312-cp312-musllinux_1_1_x86_64.whl", hash = "sha256:a4c1bfcdbce96ff5d96fc9b08e3831acb30dc44ab02671eca5953eadad07d6d0", size = 13037783, upload-time = "2024-10-22T21:55:42.852Z" },
    { url = "https://files.pythonhosted.org/packages/cb/32/cd540755579e54a88099aee0287086d996f5a24281a673f78a0e14dba150/mypy-1.13.0-cp312-cp312-win_amd64.whl", hash = "sha256:a0affb3a79a256b4183ba09811e3577c5163ed06685e4d4b46429a271ba174d2", size = 9726197, upload-time = "2024-10-22T21:54:43.68Z" },
    { url = "https://files.pythonhosted.org/packages/3b/86/72ce7f57431d87a7ff17d442f521146a6585019eb8f4f31b7c02801f78ad/mypy-1.13.0-py3-none-any.whl", hash = "sha256:9c250883f9fd81d212e0952c92dbfcc96fc237f4b7c92f56ac81fd48460b3e5a", size = 2647043, upload-time = "2024-10-22T21:55:16.617Z" },
]

[[package]]
name = "mypy-extensions"
version = "1.1.0"
source = { registry = "https://pypi.org/simple" }
sdist = { url = "https://files.pythonhosted.org/packages/a2/6e/371856a3fb9d31ca8dac321cda606860fa4548858c0cc45d9d1d4ca2628b/mypy_extensions-1.1.0.tar.gz", hash = "sha256:52e68efc3284861e772bbcd66823fde5ae21fd2fdb51c62a211403730b916558", size = 6343, upload-time = "2025-04-22T14:54:24.164Z" }
wheels = [
    { url = "https://files.pythonhosted.org/packages/79/7b/2c79738432f5c924bef5071f933bcc9efd0473bac3b4aa584a6f7c1c8df8/mypy_extensions-1.1.0-py3-none-any.whl", hash = "sha256:1be4cccdb0f2482337c4743e60421de3a356cd97508abadd57d47403e94f5505", size = 4963, upload-time = "2025-04-22T14:54:22.983Z" },
]

[[package]]
name = "nats-py"
version = "2.9.0"
source = { registry = "https://pypi.org/simple" }
sdist = { url = "https://files.pythonhosted.org/packages/ba/dc/9a01dd9561b736622c0aa3a19f6b40f3eeb22051eaea1475ceb81d5da48d/nats_py-2.9.0.tar.gz", hash = "sha256:01886eb9e0a87f0ec630652cf1fae65d2a8556378a609bc6cc07d2ea60c8d0dd", size = 110714, upload-time = "2024-08-26T15:14:17.337Z" }

[[package]]
name = "opengeobot-ros1"
version = "0.1.0"
source = { editable = "." }
dependencies = [
    { name = "loguru" },
    { name = "nats-py" },
    { name = "pydantic" },
]

[package.dev-dependencies]
dev = [
    { name = "mypy" },
    { name = "pytest" },
    { name = "pytest-asyncio" },
    { name = "pytest-cov" },
    { name = "ruff" },
]

[package.metadata]
requires-dist = [
    { name = "loguru", specifier = "==0.7.2" },
    { name = "nats-py", specifier = "==2.9.0" },
    { name = "pydantic", specifier = "==2.9.2" },
]

[package.metadata.requires-dev]
dev = [
    { name = "mypy", specifier = "==1.13.0" },
    { name = "pytest", specifier = "==8.3.3" },
    { name = "pytest-asyncio", specifier = "==0.24.0" },
    { name = "pytest-cov", specifier = "==5.0.0" },
    { name = "ruff", specifier = "==0.6.9" },
]

[[package]]
name = "packaging"
version = "26.2"
source = { registry = "https://pypi.org/simple" }
sdist = { url = "https://files.pythonhosted.org/packages/d7/f1/e7a6dd94a8d4a5626c03e4e99c87f241ba9e350cd9e6d75123f992427270/packaging-26.2.tar.gz", hash = "sha256:ff452ff5a3e828ce110190feff1178bb1f2ea2281fa2075aadb987c2fb221661", size = 228134, upload-time = "2026-04-24T20:15:23.917Z" }
wheels = [
    { url = "https://files.pythonhosted.org/packages/df/b2/87e62e8c3e2f4b32e5fe99e0b86d576da1312593b39f47d8ceef365e95ed/packaging-26.2-py3-none-any.whl", hash = "sha256:5fc45236b9446107ff2415ce77c807cee2862cb6fac22b8a73826d0693b0980e", size = 100195, upload-time = "2026-04-24T20:15:22.081Z" },
]

[[package]]
name = "pluggy"
version = "1.6.0"
source = { registry = "https://pypi.org/simple" }
sdist = { url = "https://files.pythonhosted.org/packages/f9/e2/3e91f31a7d2b083fe6ef3fa267035b518369d9511ffab804f839851d2779/pluggy-1.6.0.tar.gz", hash = "sha256:7dcc130b76258d33b90f61b658791dede3486c3e6bfb003ee5c9bfb396dd22f3", size = 69412, upload-time = "2025-05-15T12:30:07.975Z" }
wheels = [
    { url = "https://files.pythonhosted.org/packages/54/20/4d324d65cc6d9205fabedc306948156824eb9f0ee1633355a8f7ec5c66bf/pluggy-1.6.0-py3-none-any.whl", hash = "sha256:e920276dd6813095e9377c0bc5566d94c932c33b27a3e3945d8389c374dd4746", size = 20538, upload-time = "2025-05-15T12:30:06.134Z" },
]

[[package]]
name = "pydantic"
version = "2.9.2"
source = { registry = "https://pypi.org/simple" }
dependencies = [
    { name = "annotated-types" },
    { name = "pydantic-core" },
    { name = "typing-extensions" },
]
sdist = { url = "https://files.pythonhosted.org/packages/a9/b7/d9e3f12af310e1120c21603644a1cd86f59060e040ec5c3a80b8f05fae30/pydantic-2.9.2.tar.gz", hash = "sha256:d155cef71265d1e9807ed1c32b4c8deec042a44a50a4188b25ac67ecd81a9c0f", size = 769917, upload-time = "2024-09-17T15:59:54.273Z" }
wheels = [
    { url = "https://files.pythonhosted.org/packages/df/e4/ba44652d562cbf0bf320e0f3810206149c8a4e99cdbf66da82e97ab53a15/pydantic-2.9.2-py3-none-any.whl", hash = "sha256:f048cec7b26778210e28a0459867920654d48e5e62db0958433636cde4254f12", size = 434928, upload-time = "2024-09-17T15:59:51.827Z" },
]

[[package]]
name = "pydantic-core"
version = "2.23.4"
source = { registry = "https://pypi.org/simple" }
dependencies = [
    { name = "typing-extensions" },
]
sdist = { url = "https://files.pythonhosted.org/packages/e2/aa/6b6a9b9f8537b872f552ddd46dd3da230367754b6f707b8e1e963f515ea3/pydantic_core-2.23.4.tar.gz", hash = "sha256:2584f7cf844ac4d970fba483a717dbe10c1c1c96a969bf65d61ffe94df1b2863", size = 402156, upload-time = "2024-09-16T16:06:44.786Z" }
wheels = [
    { url = "https://files.pythonhosted.org/packages/74/7b/8e315f80666194b354966ec84b7d567da77ad927ed6323db4006cf915f3f/pydantic_core-2.23.4-cp312-cp312-macosx_10_12_x86_64.whl", hash = "sha256:f3e0da4ebaef65158d4dfd7d3678aad692f7666877df0002b8a522cdf088f231", size = 1856459, upload-time = "2024-09-16T16:04:38.438Z" },
    { url = "https://files.pythonhosted.org/packages/14/de/866bdce10ed808323d437612aca1ec9971b981e1c52e5e42ad9b8e17a6f6/pydantic_core-2.23.4-cp312-cp312-macosx_11_0_arm64.whl", hash = "sha256:f69a8e0b033b747bb3e36a44e7732f0c99f7edd5cea723d45bc0d6e95377ffee", size = 1770007, upload-time = "2024-09-16T16:04:40.229Z" },
    { url = "https://files.pythonhosted.org/packages/dc/69/8edd5c3cd48bb833a3f7ef9b81d7666ccddd3c9a635225214e044b6e8281/pydantic_core-2.23.4-cp312-cp312-manylinux_2_17_aarch64.manylinux2014_aarch64.whl", hash = "sha256:723314c1d51722ab28bfcd5240d858512ffd3116449c557a1336cbe3919beb87", size = 1790245, upload-time = "2024-09-16T16:04:41.794Z" },
    { url = "https://files.pythonhosted.org/packages/80/33/9c24334e3af796ce80d2274940aae38dd4e5676298b4398eff103a79e02d/pydantic_core-2.23.4-cp312-cp312-manylinux_2_17_armv7l.manylinux2014_armv7l.whl", hash = "sha256:bb2802e667b7051a1bebbfe93684841cc9351004e2badbd6411bf357ab8d5ac8", size = 1801260, upload-time = "2024-09-16T16:04:43.991Z" },
    { url = "https://files.pythonhosted.org/packages/a5/6f/e9567fd90104b79b101ca9d120219644d3314962caa7948dd8b965e9f83e/pydantic_core-2.23.4-cp312-cp312-manylinux_2_17_ppc64le.manylinux2014_ppc64le.whl", hash = "sha256:d18ca8148bebe1b0a382a27a8ee60350091a6ddaf475fa05ef50dc35b5df6327", size = 1996872, upload-time = "2024-09-16T16:04:45.593Z" },
    { url = "https://files.pythonhosted.org/packages/2d/ad/b5f0fe9e6cfee915dd144edbd10b6e9c9c9c9d7a56b69256d124b8ac682e/pydantic_core-2.23.4-cp312-cp312-manylinux_2_17_s390x.manylinux2014_s390x.whl", hash = "sha256:33e3d65a85a2a4a0dc3b092b938a4062b1a05f3a9abde65ea93b233bca0e03f2", size = 2661617, upload-time = "2024-09-16T16:04:47.3Z" },
    { url = "https://files.pythonhosted.org/packages/06/c8/7d4b708f8d05a5cbfda3243aad468052c6e99de7d0937c9146c24d9f12e9/pydantic_core-2.23.4-cp312-cp312-manylinux_2_17_x86_64.manylinux2014_x86_64.whl", hash = "sha256:128585782e5bfa515c590ccee4b727fb76925dd04a98864182b22e89a4e6ed36", size = 2071831, upload-time = "2024-09-16T16:04:48.893Z" },
    { url = "https://files.pythonhosted.org/packages/89/4d/3079d00c47f22c9a9a8220db088b309ad6e600a73d7a69473e3a8e5e3ea3/pydantic_core-2.23.4-cp312-cp312-manylinux_2_5_i686.manylinux1_i686.whl", hash = "sha256:68665f4c17edcceecc112dfed5dbe6f92261fb9d6054b47d01bf6371a6196126", size = 1917453, upload-time = "2024-09-16T16:04:51.099Z" },
    { url = "https://files.pythonhosted.org/packages/e9/88/9df5b7ce880a4703fcc2d76c8c2d8eb9f861f79d0c56f4b8f5f2607ccec8/pydantic_core-2.23.4-cp312-cp312-musllinux_1_1_aarch64.whl", hash = "sha256:20152074317d9bed6b7a95ade3b7d6054845d70584216160860425f4fbd5ee9e", size = 1968793, upload-time = "2024-09-16T16:04:52.604Z" },
    { url = "https://files.pythonhosted.org/packages/e3/b9/41f7efe80f6ce2ed3ee3c2dcfe10ab7adc1172f778cc9659509a79518c43/pydantic_core-2.23.4-cp312-cp312-musllinux_1_1_x86_64.whl", hash = "sha256:9261d3ce84fa1d38ed649c3638feefeae23d32ba9182963e465d58d62203bd24", size = 2116872, upload-time = "2024-09-16T16:04:54.41Z" },
    { url = "https://files.pythonhosted.org/packages/63/08/b59b7a92e03dd25554b0436554bf23e7c29abae7cce4b1c459cd92746811/pydantic_core-2.23.4-cp312-none-win32.whl", hash = "sha256:4ba762ed58e8d68657fc1281e9bb72e1c3e79cc5d464be146e260c541ec12d84", size = 1738535, upload-time = "2024-09-16T16:04:55.828Z" },
    { url = "https://files.pythonhosted.org/packages/88/8d/479293e4d39ab409747926eec4329de5b7129beaedc3786eca070605d07f/pydantic_core-2.23.4-cp312-none-win_amd64.whl", hash = "sha256:97df63000f4fea395b2824da80e169731088656d1818a11b95f3b173747b6cd9", size = 1917992, upload-time = "2024-09-16T16:04:57.395Z" },
]

[[package]]
name = "pytest"
version = "8.3.3"
source = { registry = "https://pypi.org/simple" }
dependencies = [
    { name = "colorama", marker = "sys_platform == 'win32'" },
    { name = "iniconfig" },
    { name = "packaging" },
    { name = "pluggy" },
]
sdist = { url = "https://files.pythonhosted.org/packages/8b/6c/62bbd536103af674e227c41a8f3dcd022d591f6eed5facb5a0f31ee33bbc/pytest-8.3.3.tar.gz", hash = "sha256:70b98107bd648308a7952b06e6ca9a50bc660be218d53c257cc1fc94fda10181", size = 1442487, upload-time = "2024-09-10T10:52:15.003Z" }
wheels = [
    { url = "https://files.pythonhosted.org/packages/6b/77/7440a06a8ead44c7757a64362dd22df5760f9b12dc5f11b6188cd2fc27a0/pytest-8.3.3-py3-none-any.whl", hash = "sha256:a6853c7375b2663155079443d2e45de913a911a11d669df02a50814944db57b2", size = 342341, upload-time = "2024-09-10T10:52:12.54Z" },
]

[[package]]
name = "pytest-asyncio"
version = "0.24.0"
source = { registry = "https://pypi.org/simple" }
dependencies = [
    { name = "pytest" },
]
sdist = { url = "https://files.pythonhosted.org/packages/52/6d/c6cf50ce320cf8611df7a1254d86233b3df7cc07f9b5f5cbcb82e08aa534/pytest_asyncio-0.24.0.tar.gz", hash = "sha256:d081d828e576d85f875399194281e92bf8a68d60d72d1a2faf2feddb6c46b276", size = 49855, upload-time = "2024-08-22T08:03:18.145Z" }
wheels = [
    { url = "https://files.pythonhosted.org/packages/96/31/6607dab48616902f76885dfcf62c08d929796fc3b2d2318faf9fd54dbed9/pytest_asyncio-0.24.0-py3-none-any.whl", hash = "sha256:a811296ed596b69bf0b6f3dc40f83bcaf341b155a269052d82efa2b25ac7037b", size = 18024, upload-time = "2024-08-22T08:03:15.536Z" },
]

[[package]]
name = "pytest-cov"
version = "5.0.0"
source = { registry = "https://pypi.org/simple" }
dependencies = [
    { name = "coverage" },
    { name = "pytest" },
]
sdist = { url = "https://files.pythonhosted.org/packages/74/67/00efc8d11b630c56f15f4ad9c7f9223f1e5ec275aaae3fa9118c6a223ad2/pytest-cov-5.0.0.tar.gz", hash = "sha256:5837b58e9f6ebd335b0f8060eecce69b662415b16dc503883a02f45dfeb14857", size = 63042, upload-time = "2024-03-24T20:16:34.856Z" }
wheels = [
    { url = "https://files.pythonhosted.org/packages/78/3a/af5b4fa5961d9a1e6237b530eb87dd04aea6eb83da09d2a4073d81b54ccf/pytest_cov-5.0.0-py3-none-any.whl", hash = "sha256:4f0764a1219df53214206bf1feea4633c3b558a2925c8b59f144f682861ce652", size = 21990, upload-time = "2024-03-24T20:16:32.444Z" },
]

[[package]]
name = "ruff"
version = "0.6.9"
source = { registry = "https://pypi.org/simple" }
sdist = { url = "https://files.pythonhosted.org/packages/26/0d/6148a48dab5662ca1d5a93b7c0d13c03abd3cc7e2f35db08410e47cef15d/ruff-0.6.9.tar.gz", hash = "sha256:b076ef717a8e5bc819514ee1d602bbdca5b4420ae13a9cf61a0c0a4f53a2baa2", size = 3095355, upload-time = "2024-10-04T13:40:28.594Z" }
wheels = [
    { url = "https://files.pythonhosted.org/packages/6e/8f/f7a0a0ef1818662efb32ed6df16078c95da7a0a3248d64c2410c1e27799f/ruff-0.6.9-py3-none-linux_armv6l.whl", hash = "sha256:064df58d84ccc0ac0fcd63bc3090b251d90e2a372558c0f057c3f75ed73e1ccd", size = 10440526, upload-time = "2024-10-04T13:39:21.747Z" },
    { url = "https://files.pythonhosted.org/packages/8b/69/b179a5faf936a9e2ab45bb412a668e4661eded964ccfa19d533f29463ef6/ruff-0.6.9-py3-none-macosx_10_12_x86_64.whl", hash = "sha256:140d4b5c9f5fc7a7b074908a78ab8d384dd7f6510402267bc76c37195c02a7ec", size = 10034612, upload-time = "2024-10-04T13:39:26.301Z" },
    { url = "https://files.pythonhosted.org/packages/c7/ef/fd1b4be979c579d191eeac37b5cfc0ec906de72c8bcd8595e2c81bb700c1/ruff-0.6.9-py3-none-macosx_11_0_arm64.whl", hash = "sha256:53fd8ca5e82bdee8da7f506d7b03a261f24cd43d090ea9db9a1dc59d9313914c", size = 9706197, upload-time = "2024-10-04T13:39:29.297Z" },
    { url = "https://files.pythonhosted.org/packages/29/61/b376d775deb5851cb48d893c568b511a6d3625ef2c129ad5698b64fb523c/ruff-0.6.9-py3-none-manylinux_2_17_aarch64.manylinux2014_aarch64.whl", hash = "sha256:645d7d8761f915e48a00d4ecc3686969761df69fb561dd914a773c1a8266e14e", size = 10751855, upload-time = "2024-10-04T13:39:33.175Z" },
    { url = "https://files.pythonhosted.org/packages/13/d7/def9e5f446d75b9a9c19b24231a3a658c075d79163b08582e56fa5dcfa38/ruff-0.6.9-py3-none-manylinux_2_17_armv7l.manylinux2014_armv7l.whl", hash = "sha256:eae02b700763e3847595b9d2891488989cac00214da7f845f4bcf2989007d577", size = 10200889, upload-time = "2024-10-04T13:39:36.867Z" },
    { url = "https://files.pythonhosted.org/packages/6c/d6/7f34160818bcb6e84ce293a5966cba368d9112ff0289b273fbb689046047/ruff-0.6.9-py3-none-manylinux_2_17_i686.manylinux2014_i686.whl", hash = "sha256:7d5ccc9e58112441de8ad4b29dcb7a86dc25c5f770e3c06a9d57e0e5eba48829", size = 11038678, upload-time = "2024-10-04T13:39:40.428Z" },
    { url = "https://files.pythonhosted.org/packages/13/34/a40ff8ae62fb1b26fb8e6fa7e64bc0e0a834b47317880de22edd6bfb54fb/ruff-0.6.9-py3-none-manylinux_2_17_ppc64.manylinux2014_ppc64.whl", hash = "sha256:417b81aa1c9b60b2f8edc463c58363075412866ae4e2b9ab0f690dc1e87ac1b5", size = 11808682, upload-time = "2024-10-04T13:39:52.141Z" },
    { url = "https://files.pythonhosted.org/packages/2e/6d/25a4386ae4009fc798bd10ba48c942d1b0b3e459b5403028f1214b6dd161/ruff-0.6.9-py3-none-manylinux_2_17_ppc64le.manylinux2014_ppc64le.whl", hash = "sha256:3c866b631f5fbce896a74a6e4383407ba7507b815ccc52bcedabb6810fdb3ef7", size = 11330446, upload-time = "2024-10-04T13:39:55.783Z" },
    { url = "https://files.pythonhosted.org/packages/f7/f6/bdf891a9200d692c94ebcd06ae5a2fa5894e522f2c66c2a12dd5d8cb2654/ruff-0.6.9-py3-none-manylinux_2_17_s390x.manylinux2014_s390x.whl", hash = "sha256:7b118afbb3202f5911486ad52da86d1d52305b59e7ef2031cea3425142b97d6f", size = 12483048, upload-time = "2024-10-04T13:39:58.845Z" },
    { url = "https://files.pythonhosted.org/packages/a7/86/96f4252f41840e325b3fa6c48297e661abb9f564bd7dcc0572398c8daa42/ruff-0.6.9-py3-none-manylinux_2_17_x86_64.manylinux2014_x86_64.whl", hash = "sha256:a67267654edc23c97335586774790cde402fb6bbdb3c2314f1fc087dee320bfa", size = 10936855, upload-time = "2024-10-04T13:40:01.818Z" },
    { url = "https://files.pythonhosted.org/packages/45/87/801a52d26c8dbf73424238e9908b9ceac430d903c8ef35eab1b44fcfa2bd/ruff-0.6.9-py3-none-musllinux_1_2_aarch64.whl", hash = "sha256:3ef0cc774b00fec123f635ce5c547dac263f6ee9fb9cc83437c5904183b55ceb", size = 10713007, upload-time = "2024-10-04T13:40:05.384Z" },
    { url = "https://files.pythonhosted.org/packages/be/27/6f7161d90320a389695e32b6ebdbfbedde28ccbf52451e4b723d7ce744ad/ruff-0.6.9-py3-none-musllinux_1_2_armv7l.whl", hash = "sha256:12edd2af0c60fa61ff31cefb90aef4288ac4d372b4962c2864aeea3a1a2460c0", size = 10274594, upload-time = "2024-10-04T13:40:08.801Z" },
    { url = "https://files.pythonhosted.org/packages/00/52/dc311775e7b5f5b19831563cb1572ecce63e62681bccc609867711fae317/ruff-0.6.9-py3-none-musllinux_1_2_i686.whl", hash = "sha256:55bb01caeaf3a60b2b2bba07308a02fca6ab56233302406ed5245180a05c5625", size = 10608024, upload-time = "2024-10-04T13:40:11.923Z" },
    { url = "https://files.pythonhosted.org/packages/98/b6/be0a1ddcbac65a30c985cf7224c4fce786ba2c51e7efeb5178fe410ed3cf/ruff-0.6.9-py3-none-musllinux_1_2_x86_64.whl", hash = "sha256:925d26471fa24b0ce5a6cdfab1bb526fb4159952385f386bdcc643813d472039", size = 10982085, upload-time = "2024-10-04T13:40:15.539Z" },
    { url = "https://files.pythonhosted.org/packages/bb/a4/c84bc13d0b573cf7bb7d17b16d6d29f84267c92d79b2f478d4ce322e8e72/ruff-0.6.9-py3-none-win32.whl", hash = "sha256:eb61ec9bdb2506cffd492e05ac40e5bc6284873aceb605503d8494180d6fc84d", size = 8522088, upload-time = "2024-10-04T13:40:19.168Z" },
    { url = "https://files.pythonhosted.org/packages/74/be/fc352bd8ca40daae8740b54c1c3e905a7efe470d420a268cd62150248c91/ruff-0.6.9-py3-none-win_amd64.whl", hash = "sha256:785d31851c1ae91f45b3d8fe23b8ae4b5170089021fbb42402d811135f0b7117", size = 9359275, upload-time = "2024-10-04T13:40:22.852Z" },
    { url = "https://files.pythonhosted.org/packages/3e/14/fd026bc74ded05e2351681545a5f626e78ef831f8edce064d61acd2e6ec7/ruff-0.6.9-py3-none-win_arm64.whl", hash = "sha256:a9641e31476d601f83cd602608739a0840e348bda93fec9f1ee816f8b6798b93", size = 8679879, upload-time = "2024-10-04T13:40:25.797Z" },
]

[[package]]
name = "typing-extensions"
version = "4.16.0"
source = { registry = "https://pypi.org/simple" }
sdist = { url = "https://files.pythonhosted.org/packages/f6/cc/6253133b5bb138fc3306cebfbda2c520f545d36b5be2c7255cc528bb45d6/typing_extensions-4.16.0.tar.gz", hash = "sha256:dc983d19a509c94dba722ee6abd33940f7c05a89e243c47e907eb4db6f1a43e5", size = 113555, upload-time = "2026-07-02T08:40:05.92Z" }
wheels = [
    { url = "https://files.pythonhosted.org/packages/49/d3/b8441a820a491ddfc024b0b0cf0393375b75ea13866d9c66727e54c2fc80/typing_extensions-4.16.0-py3-none-any.whl", hash = "sha256:481caa481374e813c1b176ada14e97f1f67a4539ce9cfeb3f350d78d6370c2e8", size = 45571, upload-time = "2026-07-02T08:40:04.659Z" },
]

[[package]]
name = "win32-setctime"
version = "1.2.0"
source = { registry = "https://pypi.org/simple" }
sdist = { url = "https://files.pythonhosted.org/packages/b3/8f/705086c9d734d3b663af0e9bb3d4de6578d08f46b1b101c2442fd9aecaa2/win32_setctime-1.2.0.tar.gz", hash = "sha256:ae1fdf948f5640aae05c511ade119313fb6a30d7eabe25fef9764dca5873c4c0", size = 4867, upload-time = "2024-12-07T15:28:28.314Z" }
wheels = [
    { url = "https://files.pythonhosted.org/packages/e1/07/c6fe3ad3e685340704d314d765b7912993bcb8dc198f0e7a89382d37974b/win32_setctime-1.2.0-py3-none-any.whl", hash = "sha256:95d644c4e708aba81dc3704a116d8cbc974d70b3bdb8be1d150e36be6e9d1390", size = 4083, upload-time = "2024-12-07T15:28:26.465Z" },
]
